
Microsoft Visual Studio Solution File, Format Version 12.00
# Visual Studio 2013
VisualStudioVersion = 12.0.40629.0
MinimumVisualStudioVersion = 10.0.40219.1
Project("{FAE04EC0-301F-11D3-BF4B-00C04F79EFBC}") = "SmileLogistics.Web", "SmileLogistics.Web\SmileLogistics.Web.csproj", "{FEAA4A1A-ED80-4327-A5E2-E6E5D9784DE8}"
EndProject
Project("{FAE04EC0-301F-11D3-BF4B-00C04F79EFBC}") = "Decided.Libs", "..\..\..\DesignBanner\Decided.Apps.DesignBanner\Decided.Libs\Decided.Libs.csproj", "{55995CD7-EAA8-48E2-9B43-98F9B0510234}"
EndProject
Project("{FAE04EC0-301F-11D3-BF4B-00C04F79EFBC}") = "SmileLogistics.DAL", "SmileLogistics.DAL\SmileLogistics.DAL.csproj", "{66874E8F-BC54-43A8-B57C-DE43D3D10846}"
EndProject
Global
	GlobalSection(SolutionConfigurationPlatforms) = preSolution
		Debug|Any CPU = Debug|Any CPU
		Release|Any CPU = Release|Any CPU
	EndGlobalSection
	GlobalSection(ProjectConfigurationPlatforms) = postSolution
		{FEAA4A1A-ED80-4327-A5E2-E6E5D9784DE8}.Debug|Any CPU.ActiveCfg = Debug|Any CPU
		{FEAA4A1A-ED80-4327-A5E2-E6E5D9784DE8}.Debug|Any CPU.Build.0 = Debug|Any CPU
		{FEAA4A1A-ED80-4327-A5E2-E6E5D9784DE8}.Release|Any CPU.ActiveCfg = Release|Any CPU
		{FEAA4A1A-ED80-4327-A5E2-E6E5D9784DE8}.Release|Any CPU.Build.0 = Release|Any CPU
		{55995CD7-EAA8-48E2-9B43-98F9B0510234}.Debug|Any CPU.ActiveCfg = Debug|Any CPU
		{55995CD7-EAA8-48E2-9B43-98F9B0510234}.Debug|Any CPU.Build.0 = Debug|Any CPU
		{55995CD7-EAA8-48E2-9B43-98F9B0510234}.Release|Any CPU.ActiveCfg = Release|Any CPU
		{55995CD7-EAA8-48E2-9B43-98F9B0510234}.Release|Any CPU.Build.0 = Release|Any CPU
		{66874E8F-BC54-43A8-B57C-DE43D3D10846}.Debug|Any CPU.ActiveCfg = Debug|Any CPU
		{66874E8F-BC54-43A8-B57C-DE43D3D10846}.Debug|Any CPU.Build.0 = Debug|Any CPU
		{66874E8F-BC54-43A8-B57C-DE43D3D10846}.Release|Any CPU.ActiveCfg = Release|Any CPU
		{66874E8F-BC54-43A8-B57C-DE43D3D10846}.Release|Any CPU.Build.0 = Release|Any CPU
	EndGlobalSection
	GlobalSection(SolutionProperties) = preSolution
		HideSolutionNode = FALSE
	EndGlobalSection
EndGlobal
